
Microsoft Visual Studio Solution File, Format Version 12.00
# Visual Studio Version 16
VisualStudioVersion = 16.0.30002.166
MinimumVisualStudioVersion = 10.0.40219.1
Project("{FAE04EC0-301F-11D3-BF4B-00C04F79EFBC}") = "Cap09 Fixacao", "Cap09 Fixacao\Cap09 Fixacao.csproj", "{34A6E480-7E1B-4D8C-B41A-BEEA255E8BF9}"
EndProject
Global
	GlobalSection(SolutionConfigurationPlatforms) = preSolution
		Debug|Any CPU = Debug|Any CPU
		Release|Any CPU = Release|Any CPU
	EndGlobalSection
	GlobalSection(ProjectConfigurationPlatforms) = postSolution
		{34A6E480-7E1B-4D8C-B41A-BEEA255E8BF9}.Debug|Any CPU.ActiveCfg = Debug|Any CPU
		{34A6E480-7E1B-4D8C-B41A-BEEA255E8BF9}.Debug|Any CPU.Build.0 = Debug|Any CPU
		{34A6E480-7E1B-4D8C-B41A-BEEA255E8BF9}.Release|Any CPU.ActiveCfg = Release|Any CPU
		{34A6E480-7E1B-4D8C-B41A-BEEA255E8BF9}.Release|Any CPU.Build.0 = Release|Any CPU
	EndGlobalSection
	GlobalSection(SolutionProperties) = preSolution
		HideSolutionNode = FALSE
	EndGlobalSection
	GlobalSection(ExtensibilityGlobals) = postSolution
		SolutionGuid = {FA91484A-3A25-4601-BC93-CAE047A248C1}
	EndGlobalSection
EndGlobal
